
Microsoft Visual Studio Solution File, Format Version 9.00
# Visual Studio 2005
Project("{E24C65DC-7377-472B-9ABA-BC803B73C61A}") = "C:\...\Web\", "src\Web\", "{14355DDA-5CD4-4DB1-BD85-EBB83B99DA1A}"
	ProjectSection(WebsiteProperties) = preProject
		Debug.AspNetCompiler.VirtualPath = "/Web"
		Debug.AspNetCompiler.PhysicalPath = "\Web\"
		Debug.AspNetCompiler.TargetPath = "PrecompiledWeb\Web\"
		Debug.AspNetCompiler.Updateable = "true"
		Debug.AspNetCompiler.ForceOverwrite = "true"
		Debug.AspNetCompiler.FixedNames = "false"
		Debug.AspNetCompiler.Debug = "True"
		Release.AspNetCompiler.VirtualPath = "/Web"
		Release.AspNetCompiler.PhysicalPath = "\Web\"
		Release.AspNetCompiler.TargetPath = "PrecompiledWeb\Web\"
		Release.AspNetCompiler.Updateable = "true"
		Release.AspNetCompiler.ForceOverwrite = "true"
		Release.AspNetCompiler.FixedNames = "false"
		Release.AspNetCompiler.Debug = "False"
		VWDPort = "1535"
		DefaultWebSiteLanguage = "Visual C#"
	EndProjectSection
EndProject
Project("{2150E333-8FDC-42A3-9474-1A3956D46DE8}") = "Nant", "Nant", "{35ECE31D-374D-45D5-BAC7-29D0FFDD2197}"
	ProjectSection(WebsiteProperties) = preProject
		Debug.AspNetCompiler.Debug = "True"
		Release.AspNetCompiler.Debug = "False"
	EndProjectSection
	ProjectSection(SolutionItems) = preProject
		src\EngineVersionTemplates.build = src\EngineVersionTemplates.build
	EndProjectSection
EndProject
Project("{FAE04EC0-301F-11D3-BF4B-00C04F79EFBC}") = "NAnt.DiffTasks", "src\NAnt.DiffTask\NAnt.DiffTasks.csproj", "{FC5CE460-2B2A-4051-A18A-CD8673DC85A5}"
	ProjectSection(WebsiteProperties) = preProject
		Debug.AspNetCompiler.Debug = "True"
		Release.AspNetCompiler.Debug = "False"
	EndProjectSection
EndProject
Global
	GlobalSection(SolutionConfigurationPlatforms) = preSolution
		Debug|.NET = Debug|.NET
		Debug|Any CPU = Debug|Any CPU
		Debug|Mixed Platforms = Debug|Mixed Platforms
		Release|.NET = Release|.NET
		Release|Any CPU = Release|Any CPU
		Release|Mixed Platforms = Release|Mixed Platforms
	EndGlobalSection
	GlobalSection(ProjectConfigurationPlatforms) = postSolution
		{14355DDA-5CD4-4DB1-BD85-EBB83B99DA1A}.Debug|.NET.ActiveCfg = Debug|.NET
		{14355DDA-5CD4-4DB1-BD85-EBB83B99DA1A}.Debug|.NET.Build.0 = Debug|.NET
		{14355DDA-5CD4-4DB1-BD85-EBB83B99DA1A}.Debug|Any CPU.ActiveCfg = Debug|.NET
		{14355DDA-5CD4-4DB1-BD85-EBB83B99DA1A}.Debug|Mixed Platforms.ActiveCfg = Debug|.NET
		{14355DDA-5CD4-4DB1-BD85-EBB83B99DA1A}.Debug|Mixed Platforms.Build.0 = Debug|.NET
		{14355DDA-5CD4-4DB1-BD85-EBB83B99DA1A}.Release|.NET.ActiveCfg = Debug|.NET
		{14355DDA-5CD4-4DB1-BD85-EBB83B99DA1A}.Release|.NET.Build.0 = Debug|.NET
		{14355DDA-5CD4-4DB1-BD85-EBB83B99DA1A}.Release|Any CPU.ActiveCfg = Debug|.NET
		{14355DDA-5CD4-4DB1-BD85-EBB83B99DA1A}.Release|Mixed Platforms.ActiveCfg = Debug|.NET
		{14355DDA-5CD4-4DB1-BD85-EBB83B99DA1A}.Release|Mixed Platforms.Build.0 = Debug|.NET
		{FC5CE460-2B2A-4051-A18A-CD8673DC85A5}.Debug|.NET.ActiveCfg = Debug|Any CPU
		{FC5CE460-2B2A-4051-A18A-CD8673DC85A5}.Debug|Any CPU.ActiveCfg = Debug|Any CPU
		{FC5CE460-2B2A-4051-A18A-CD8673DC85A5}.Debug|Any CPU.Build.0 = Debug|Any CPU
		{FC5CE460-2B2A-4051-A18A-CD8673DC85A5}.Debug|Mixed Platforms.ActiveCfg = Debug|Any CPU
		{FC5CE460-2B2A-4051-A18A-CD8673DC85A5}.Debug|Mixed Platforms.Build.0 = Debug|Any CPU
		{FC5CE460-2B2A-4051-A18A-CD8673DC85A5}.Release|.NET.ActiveCfg = Release|Any CPU
		{FC5CE460-2B2A-4051-A18A-CD8673DC85A5}.Release|Any CPU.ActiveCfg = Release|Any CPU
		{FC5CE460-2B2A-4051-A18A-CD8673DC85A5}.Release|Any CPU.Build.0 = Release|Any CPU
		{FC5CE460-2B2A-4051-A18A-CD8673DC85A5}.Release|Mixed Platforms.ActiveCfg = Release|Any CPU
		{FC5CE460-2B2A-4051-A18A-CD8673DC85A5}.Release|Mixed Platforms.Build.0 = Release|Any CPU
	EndGlobalSection
	GlobalSection(SolutionProperties) = preSolution
		HideSolutionNode = FALSE
	EndGlobalSection
EndGlobal
